
Microsoft Visual Studio Solution File, Format Version 12.00
# Visual Studio Version 17
VisualStudioVersion = 17.5.33502.453
MinimumVisualStudioVersion = 10.0.40219.1
Project("{FAE04EC0-301F-11D3-BF4B-00C04F79EFBC}") = "Entities", "Entities\Entities.csproj", "{052E21AC-63EE-4D04-8687-3F7B391C5598}"
EndProject
Project("{FAE04EC0-301F-11D3-BF4B-00C04F79EFBC}") = "Business", "Business\Business.csproj", "{580AD05A-408A-40C3-A7E1-67A390204811}"
EndProject
Global
	GlobalSection(SolutionConfigurationPlatforms) = preSolution
		Debug|Any CPU = Debug|Any CPU
		Release|Any CPU = Release|Any CPU
	EndGlobalSection
	GlobalSection(ProjectConfigurationPlatforms) = postSolution
		{052E21AC-63EE-4D04-8687-3F7B391C5598}.Debug|Any CPU.ActiveCfg = Debug|Any CPU
		{052E21AC-63EE-4D04-8687-3F7B391C5598}.Debug|Any CPU.Build.0 = Debug|Any CPU
		{052E21AC-63EE-4D04-8687-3F7B391C5598}.Release|Any CPU.ActiveCfg = Release|Any CPU
		{052E21AC-63EE-4D04-8687-3F7B391C5598}.Release|Any CPU.Build.0 = Release|Any CPU
		{580AD05A-408A-40C3-A7E1-67A390204811}.Debug|Any CPU.ActiveCfg = Debug|Any CPU
		{580AD05A-408A-40C3-A7E1-67A390204811}.Debug|Any CPU.Build.0 = Debug|Any CPU
		{580AD05A-408A-40C3-A7E1-67A390204811}.Release|Any CPU.ActiveCfg = Release|Any CPU
		{580AD05A-408A-40C3-A7E1-67A390204811}.Release|Any CPU.Build.0 = Release|Any CPU
	EndGlobalSection
	GlobalSection(SolutionProperties) = preSolution
		HideSolutionNode = FALSE
	EndGlobalSection
	GlobalSection(ExtensibilityGlobals) = postSolution
		SolutionGuid = {95CA39DF-B3CA-4827-B22A-19891F2CA4C9}
	EndGlobalSection
EndGlobal
